github.com/TheZeroSlave/zapsentry v1.15.0 h1:w/YglG4Hc2L2VoEH6JKC+3YzhUL18/OZRjJRSvyXZp4=
github.com/TheZeroSlave/zapsentry v1.15.0/go.mod h1:D1YMfSuu6xnkhwFXxrronesmsiyDhIqo+86I3Ok+r64=
github.com/davecgh/go-spew v1.1.0/go.mod h1:J7Y8YcW2NihsgmVo/mv3lAwl/skON4iLHjSsI+c5H38=
github.com/davecgh/go-spew v1.1.1/go.mod h1:J7Y8YcW2NihsgmVo/mv3lAwl/skON4iLHjSsI+c5H38=
github.com/getsentry/sentry-go v0.17.0 h1:UustVWnOoDFHBS7IJUB2QK/nB5pap748ZEp0swnQJak=
github.com/getsentry/sentry-go v0.17.0/go.mod h1:B82dxtBvxG0KaPD8/hfSV+VcHD+Lg/xUS4JuQn1P4cM=
github.com/pmezard/go-difflib v1.0.0/go.mod h1:iKH77koFhYxTK1pcRnkKkqfTogsbg7gZNVY4sRDYZ/4=
github.com/stretchr/objx v0.1.0/go.mod h1:HFkY916IF+rwdDfMAkV7OtwuqBVzrE8GR6GFx+wExME=
github.com/stretchr/testify v1.3.0/go.mod h1:M5WIy9Dh21IEIfnGCwXGc5bZfKNJtfHm1UVUgZn+9EI=
go.uber.org/atomic v1.7.0 h1:ADUqmZGgLDDfbSL9ZmPxKTybcoEYHgpYfELNoN+7hsw=
go.uber.org/atomic v1.7.0/go.mod h1:fEN4uk6kAWBTFdckzkM89CLk9XfWZrxpCo0nPH17wJc=
go.uber.org/multierr v1.6.0 h1:y6IPFStTAIT5Ytl7/XYmHvzXQ7S3g/IeZW9hyZ5thw4=
go.uber.org/multierr v1.6.0/go.mod h1:cdWPpRnG4AhwMwsgIHip0KRBQjJy5kYEpYjJxpXp9iU=
go.uber.org/zap v1.24.0 h1:FiJd5l1UOLj0wCgbSE0rwwXHzEdAZS6hiiSnxJN/D60=
go.uber.org/zap v1.24.0/go.mod h1:2kMP+WWQ8aoFoedH3T2sq6iJ2yDWpHbP0f6MQbS9Gkg=
golang.org/x/sys v0.0.0-20220928140112-f11e5e49a4ec h1:BkDtF2Ih9xZ7le9ndzTA7KJow28VbQW3odyk/8drmuI=
golang.org/x/sys v0.0.0-20220928140112-f11e5e49a4ec/go.mod h1:oPkhp1MJrh7nUepCBck5+mAzfO9JrbApNNgaTdGDITg=
golang.org/x/text v0.3.8 h1:nAL+RVCQ9uMn3vJZbV+MRnydTJFPf8qqY42YiA6MrqY=
golang.org/x/text v0.3.8/go.mod h1:E6s5w1FMmriuDzIBO73fBruAKo1PCIq6d2Q6DHfQ8WQ=
pkg.moe/pkg/contexts v0.0.0-20230419064240-4378d8abf067 h1:vbTkYw8UBfEGwN1Bgs0k3uEVg5IqkcrxDqRS5BpJeQo=
pkg.moe/pkg/contexts v0.0.0-20230419064240-4378d8abf067/go.mod h1:CwGpFqQUkadMNw6nizjVZZ0eiX7hTHtyaEm6km4hknU=
pkg.moe/pkg/logger v0.0.0-20230419083954-38500f0815dc h1:BKBQL5bxvye5qJvP2w2Owu8Sc7KA0uB81JuX5ipAd+Q=
pkg.moe/pkg/logger v0.0.0-20230419083954-38500f0815dc/go.mod h1:TuqCTekVE7hGmEfTDn5WGpCkGUfdnJSJex9wQiC4jcE=
